
Microsoft Visual Studio Solution File, Format Version 12.00
# Visual Studio Version 17
VisualStudioVersion = 17.8.34330.188
MinimumVisualStudioVersion = 10.0.40219.1
Project("{9A19103F-16F7-4668-BE54-9A1E7A4F7556}") = "PracticeReactApp.Server", "PracticeReactApp.Server\PracticeReactApp.Server.csproj", "{6550CA75-B347-48BE-8444-A98FEC1CD457}"
EndProject
Project("{54A90642-561A-4BB1-A94E-469ADEE60C69}") = "practicereactapp.client", "practicereactapp.client\practicereactapp.client.esproj", "{B7E4A4A1-81A1-470B-BA25-2182C312E2E8}"
EndProject
Project("{2150E333-8FDC-42A3-9474-1A3956D46DE8}") = "Solution Items", "Solution Items", "{F25E1288-9D95-491B-A11A-3A2D7350E782}"
	ProjectSection(SolutionItems) = preProject
		docker-compose.yml = docker-compose.yml
		migration-add-Initial-db.ps1 = migration-add-Initial-db.ps1
		migration-add-InitialApiMenuData-db.ps1 = migration-add-InitialApiMenuData-db.ps1
		migration-add-UpdateApiMenuData-db.ps1 = migration-add-UpdateApiMenuData-db.ps1
		migration-update-db.ps1 = migration-update-db.ps1
		scaffolding-schema-public.ps1 = scaffolding-schema-public.ps1
	EndProjectSection
EndProject
Project("{9A19103F-16F7-4668-BE54-9A1E7A4F7556}") = "PracticeReactApp.Core", "PracticeReactApp.Core\PracticeReactApp.Core.csproj", "{4C6C2006-1C2B-41B7-A986-918AE8845245}"
EndProject
Project("{9A19103F-16F7-4668-BE54-9A1E7A4F7556}") = "PracticeReactApp.Infrastructure", "PracticeReactApp.Infrastructure\PracticeReactApp.Infrastructure.csproj", "{FF082639-0654-498A-ABBD-CD74950A8825}"
EndProject
Project("{9A19103F-16F7-4668-BE54-9A1E7A4F7556}") = "PracticeReactApp.Migrations", "PracticeReactApp.Migrations\PracticeReactApp.Migrations.csproj", "{3B642E09-C62A-4358-B872-EDA1E010D565}"
EndProject
Project("{2150E333-8FDC-42A3-9474-1A3956D46DE8}") = "Test", "Test", "{B5571A17-4C78-4EC7-B55E-10F2898CB85C}"
EndProject
Project("{9A19103F-16F7-4668-BE54-9A1E7A4F7556}") = "PracticeReactApp.Server.Test", "PracticeReactApp.Server.Test\PracticeReactApp.Server.Test.csproj", "{EAA5A1D1-70EC-420F-B762-36DDC0253C50}"
EndProject
Project("{54A90642-561A-4BB1-A94E-469ADEE60C69}") = "practiceangular.client", "practiceangular.client\practiceangular.client.esproj", "{6B3EA6F2-9719-42EA-B389-0CE668C520D2}"
EndProject
Global
	GlobalSection(SolutionConfigurationPlatforms) = preSolution
		Debug|Any CPU = Debug|Any CPU
		Release|Any CPU = Release|Any CPU
	EndGlobalSection
	GlobalSection(ProjectConfigurationPlatforms) = postSolution
		{6550CA75-B347-48BE-8444-A98FEC1CD457}.Debug|Any CPU.ActiveCfg = Debug|Any CPU
		{6550CA75-B347-48BE-8444-A98FEC1CD457}.Debug|Any CPU.Build.0 = Debug|Any CPU
		{6550CA75-B347-48BE-8444-A98FEC1CD457}.Release|Any CPU.ActiveCfg = Release|Any CPU
		{6550CA75-B347-48BE-8444-A98FEC1CD457}.Release|Any CPU.Build.0 = Release|Any CPU
		{B7E4A4A1-81A1-470B-BA25-2182C312E2E8}.Debug|Any CPU.ActiveCfg = Debug|Any CPU
		{B7E4A4A1-81A1-470B-BA25-2182C312E2E8}.Debug|Any CPU.Build.0 = Debug|Any CPU
		{B7E4A4A1-81A1-470B-BA25-2182C312E2E8}.Debug|Any CPU.Deploy.0 = Debug|Any CPU
		{B7E4A4A1-81A1-470B-BA25-2182C312E2E8}.Release|Any CPU.ActiveCfg = Release|Any CPU
		{B7E4A4A1-81A1-470B-BA25-2182C312E2E8}.Release|Any CPU.Build.0 = Release|Any CPU
		{B7E4A4A1-81A1-470B-BA25-2182C312E2E8}.Release|Any CPU.Deploy.0 = Release|Any CPU
		{4C6C2006-1C2B-41B7-A986-918AE8845245}.Debug|Any CPU.ActiveCfg = Debug|Any CPU
		{4C6C2006-1C2B-41B7-A986-918AE8845245}.Debug|Any CPU.Build.0 = Debug|Any CPU
		{4C6C2006-1C2B-41B7-A986-918AE8845245}.Release|Any CPU.ActiveCfg = Release|Any CPU
		{4C6C2006-1C2B-41B7-A986-918AE8845245}.Release|Any CPU.Build.0 = Release|Any CPU
		{FF082639-0654-498A-ABBD-CD74950A8825}.Debug|Any CPU.ActiveCfg = Debug|Any CPU
		{FF082639-0654-498A-ABBD-CD74950A8825}.Debug|Any CPU.Build.0 = Debug|Any CPU
		{FF082639-0654-498A-ABBD-CD74950A8825}.Release|Any CPU.ActiveCfg = Release|Any CPU
		{FF082639-0654-498A-ABBD-CD74950A8825}.Release|Any CPU.Build.0 = Release|Any CPU
		{3B642E09-C62A-4358-B872-EDA1E010D565}.Debug|Any CPU.ActiveCfg = Debug|Any CPU
		{3B642E09-C62A-4358-B872-EDA1E010D565}.Debug|Any CPU.Build.0 = Debug|Any CPU
		{3B642E09-C62A-4358-B872-EDA1E010D565}.Release|Any CPU.ActiveCfg = Release|Any CPU
		{3B642E09-C62A-4358-B872-EDA1E010D565}.Release|Any CPU.Build.0 = Release|Any CPU
		{EAA5A1D1-70EC-420F-B762-36DDC0253C50}.Debug|Any CPU.ActiveCfg = Debug|Any CPU
		{EAA5A1D1-70EC-420F-B762-36DDC0253C50}.Debug|Any CPU.Build.0 = Debug|Any CPU
		{EAA5A1D1-70EC-420F-B762-36DDC0253C50}.Release|Any CPU.ActiveCfg = Release|Any CPU
		{EAA5A1D1-70EC-420F-B762-36DDC0253C50}.Release|Any CPU.Build.0 = Release|Any CPU
		{6B3EA6F2-9719-42EA-B389-0CE668C520D2}.Debug|Any CPU.ActiveCfg = Debug|Any CPU
		{6B3EA6F2-9719-42EA-B389-0CE668C520D2}.Debug|Any CPU.Build.0 = Debug|Any CPU
		{6B3EA6F2-9719-42EA-B389-0CE668C520D2}.Debug|Any CPU.Deploy.0 = Debug|Any CPU
		{6B3EA6F2-9719-42EA-B389-0CE668C520D2}.Release|Any CPU.ActiveCfg = Release|Any CPU
		{6B3EA6F2-9719-42EA-B389-0CE668C520D2}.Release|Any CPU.Build.0 = Release|Any CPU
		{6B3EA6F2-9719-42EA-B389-0CE668C520D2}.Release|Any CPU.Deploy.0 = Release|Any CPU
	EndGlobalSection
	GlobalSection(SolutionProperties) = preSolution
		HideSolutionNode = FALSE
	EndGlobalSection
	GlobalSection(NestedProjects) = preSolution
		{EAA5A1D1-70EC-420F-B762-36DDC0253C50} = {B5571A17-4C78-4EC7-B55E-10F2898CB85C}
	EndGlobalSection
	GlobalSection(ExtensibilityGlobals) = postSolution
		SolutionGuid = {9BE435E1-D3AA-4701-8D1B-8A3D3208AE61}
	EndGlobalSection
EndGlobal
